
Microsoft Visual Studio Solution File, Format Version 12.00
# Visual Studio 2012
Project("{D954291E-2A0B-460D-934E-DC6B0785DB48}") = "MagnetFinder", "MagnetFinder\MagnetFinder.shproj", "{280E46F6-3C03-4D54-AED8-164CC770A94B}"
EndProject
Project("{FAE04EC0-301F-11D3-BF4B-00C04F79EFBC}") = "MagnetFinder.Droid", "Droid\MagnetFinder.Droid.csproj", "{C64B2FBD-2717-4ED0-A941-5FDA94BFC13A}"
EndProject
Project("{FAE04EC0-301F-11D3-BF4B-00C04F79EFBC}") = "MagnetFinder.iOS", "iOS\MagnetFinder.iOS.csproj", "{8147AF2D-7623-4FF8-9D9D-EA5EC40D8B74}"
EndProject
Global
	GlobalSection(SolutionConfigurationPlatforms) = preSolution
		Debug|Any CPU = Debug|Any CPU
		Release|Any CPU = Release|Any CPU
		Debug|iPhoneSimulator = Debug|iPhoneSimulator
		Release|iPhone = Release|iPhone
		Release|iPhoneSimulator = Release|iPhoneSimulator
		Debug|iPhone = Debug|iPhone
	EndGlobalSection
	GlobalSection(ProjectConfigurationPlatforms) = postSolution
		{C64B2FBD-2717-4ED0-A941-5FDA94BFC13A}.Debug|Any CPU.ActiveCfg = Debug|Any CPU
		{C64B2FBD-2717-4ED0-A941-5FDA94BFC13A}.Debug|Any CPU.Build.0 = Debug|Any CPU
		{C64B2FBD-2717-4ED0-A941-5FDA94BFC13A}.Release|Any CPU.ActiveCfg = Release|Any CPU
		{C64B2FBD-2717-4ED0-A941-5FDA94BFC13A}.Release|Any CPU.Build.0 = Release|Any CPU
		{C64B2FBD-2717-4ED0-A941-5FDA94BFC13A}.Debug|iPhoneSimulator.ActiveCfg = Debug|Any CPU
		{C64B2FBD-2717-4ED0-A941-5FDA94BFC13A}.Debug|iPhoneSimulator.Build.0 = Debug|Any CPU
		{C64B2FBD-2717-4ED0-A941-5FDA94BFC13A}.Release|iPhone.ActiveCfg = Release|Any CPU
		{C64B2FBD-2717-4ED0-A941-5FDA94BFC13A}.Release|iPhone.Build.0 = Release|Any CPU
		{C64B2FBD-2717-4ED0-A941-5FDA94BFC13A}.Release|iPhoneSimulator.ActiveCfg = Release|Any CPU
		{C64B2FBD-2717-4ED0-A941-5FDA94BFC13A}.Release|iPhoneSimulator.Build.0 = Release|Any CPU
		{C64B2FBD-2717-4ED0-A941-5FDA94BFC13A}.Debug|iPhone.ActiveCfg = Debug|Any CPU
		{C64B2FBD-2717-4ED0-A941-5FDA94BFC13A}.Debug|iPhone.Build.0 = Debug|Any CPU
		{8147AF2D-7623-4FF8-9D9D-EA5EC40D8B74}.Debug|Any CPU.ActiveCfg = Debug|iPhoneSimulator
		{8147AF2D-7623-4FF8-9D9D-EA5EC40D8B74}.Debug|Any CPU.Build.0 = Debug|iPhoneSimulator
		{8147AF2D-7623-4FF8-9D9D-EA5EC40D8B74}.Release|Any CPU.ActiveCfg = Release|iPhone
		{8147AF2D-7623-4FF8-9D9D-EA5EC40D8B74}.Release|Any CPU.Build.0 = Release|iPhone
		{8147AF2D-7623-4FF8-9D9D-EA5EC40D8B74}.Debug|iPhoneSimulator.ActiveCfg = Debug|iPhoneSimulator
		{8147AF2D-7623-4FF8-9D9D-EA5EC40D8B74}.Debug|iPhoneSimulator.Build.0 = Debug|iPhoneSimulator
		{8147AF2D-7623-4FF8-9D9D-EA5EC40D8B74}.Release|iPhone.ActiveCfg = Release|iPhone
		{8147AF2D-7623-4FF8-9D9D-EA5EC40D8B74}.Release|iPhone.Build.0 = Release|iPhone
		{8147AF2D-7623-4FF8-9D9D-EA5EC40D8B74}.Release|iPhoneSimulator.ActiveCfg = Release|iPhoneSimulator
		{8147AF2D-7623-4FF8-9D9D-EA5EC40D8B74}.Release|iPhoneSimulator.Build.0 = Release|iPhoneSimulator
		{8147AF2D-7623-4FF8-9D9D-EA5EC40D8B74}.Debug|iPhone.ActiveCfg = Debug|iPhone
		{8147AF2D-7623-4FF8-9D9D-EA5EC40D8B74}.Debug|iPhone.Build.0 = Debug|iPhone
	EndGlobalSection
EndGlobal
